// !$*UTF8*$!
{
	archiveVersion = 1;
	classes = {
	};
	objectVersion = 55;
	objects = {

/* Begin PBXBuildFile section */
		C0070CE628988B44007BDA0B /* AutoMarkApp.swift in Sources */ = {isa = PBXBuildFile; fileRef = C0070CE528988B44007BDA0B /* AutoMarkApp.swift */; };
		C0070CE828988BFA007BDA0B /* ContentView.swift in Sources */ = {isa = PBXBuildFile; fileRef = C0070CE728988BFA007BDA0B /* ContentView.swift */; };
		C0070CEA28988E30007BDA0B /* UserDefaults.swift in Sources */ = {isa = PBXBuildFile; fileRef = C0070CE928988E30007BDA0B /* UserDefaults.swift */; };
		C0070CEF289DF0E5007BDA0B /* SignatureView.swift in Sources */ = {isa = PBXBuildFile; fileRef = C0070CEE289DF0E5007BDA0B /* SignatureView.swift */; };
		C0070CF2289F3842007BDA0B /* UserDefaults.swift in Sources */ = {isa = PBXBuildFile; fileRef = C0070CE928988E30007BDA0B /* UserDefaults.swift */; };
		C044441028908026004BDF89 /* AppDelegate.swift in Sources */ = {isa = PBXBuildFile; fileRef = C044440F28908026004BDF89 /* AppDelegate.swift */; };
		C044441428908026004BDF89 /* Assets.xcassets in Resources */ = {isa = PBXBuildFile; fileRef = C044441328908026004BDF89 /* Assets.xcassets */; };
		C044441728908026004BDF89 /* Main.storyboard in Resources */ = {isa = PBXBuildFile; fileRef = C044441528908026004BDF89 /* Main.storyboard */; };
		C044442228908026004BDF89 /* AutoMarkTests.swift in Sources */ = {isa = PBXBuildFile; fileRef = C044442128908026004BDF89 /* AutoMarkTests.swift */; };
		C044442C28908026004BDF89 /* AutoMarkUITests.swift in Sources */ = {isa = PBXBuildFile; fileRef = C044442B28908026004BDF89 /* AutoMarkUITests.swift */; };
		C044442E28908026004BDF89 /* AutoMarkUITestsLaunchTests.swift in Sources */ = {isa = PBXBuildFile; fileRef = C044442D28908026004BDF89 /* AutoMarkUITestsLaunchTests.swift */; };
		C044444128908080004BDF89 /* Cocoa.framework in Frameworks */ = {isa = PBXBuildFile; fileRef = C044444028908080004BDF89 /* Cocoa.framework */; };
		C044444628908080004BDF89 /* SourceEditorExtension.swift in Sources */ = {isa = PBXBuildFile; fileRef = C044444528908080004BDF89 /* SourceEditorExtension.swift */; };
		C044444828908080004BDF89 /* SourceEditorCommand.swift in Sources */ = {isa = PBXBuildFile; fileRef = C044444728908080004BDF89 /* SourceEditorCommand.swift */; };
		C044444D28908080004BDF89 /* EasyMarks.appex in Embed App Extensions */ = {isa = PBXBuildFile; fileRef = C044443E28908080004BDF89 /* EasyMarks.appex */; settings = {ATTRIBUTES = (RemoveHeadersOnCopy, ); }; };
		C08F16CC28908F5F0034290F /* XcodeKit.framework in Frameworks */ = {isa = PBXBuildFile; fileRef = C044444228908080004BDF89 /* XcodeKit.framework */; };
		C08F16CD28908F5F0034290F /* XcodeKit.framework in Embed Frameworks */ = {isa = PBXBuildFile; fileRef = C044444228908080004BDF89 /* XcodeKit.framework */; settings = {ATTRIBUTES = (CodeSignOnCopy, RemoveHeadersOnCopy, ); }; };
/* End PBXBuildFile section */

/* Begin PBXContainerItemProxy section */
		C044441E28908026004BDF89 /* PBXContainerItemProxy */ = {
			isa = PBXContainerItemProxy;
			containerPortal = C044440428908026004BDF89 /* Project object */;
			proxyType = 1;
			remoteGlobalIDString = C044440B28908026004BDF89;
			remoteInfo = AutoMark;
		};
		C044442828908026004BDF89 /* PBXContainerItemProxy */ = {
			isa = PBXContainerItemProxy;
			containerPortal = C044440428908026004BDF89 /* Project object */;
			proxyType = 1;
			remoteGlobalIDString = C044440B28908026004BDF89;
			remoteInfo = AutoMark;
		};
		C044444B28908080004BDF89 /* PBXContainerItemProxy */ = {
			isa = PBXContainerItemProxy;
			containerPortal = C044440428908026004BDF89 /* Project object */;
			proxyType = 1;
			remoteGlobalIDString = C044443D28908080004BDF89;
			remoteInfo = EasyMarks;
		};
/* End PBXContainerItemProxy section */

/* Begin PBXCopyFilesBuildPhase section */
		C044445128908080004BDF89 /* Embed App Extensions */ = {
			isa = PBXCopyFilesBuildPhase;
			buildActionMask = 2147483647;
			dstPath = "";
			dstSubfolderSpec = 13;
			files = (
				C044444D28908080004BDF89 /* EasyMarks.appex in Embed App Extensions */,
			);
			name = "Embed App Extensions";
			runOnlyForDeploymentPostprocessing = 0;
		};
		C08F16CE28908F5F0034290F /* Embed Frameworks */ = {
			isa = PBXCopyFilesBuildPhase;
			buildActionMask = 2147483647;
			dstPath = "";
			dstSubfolderSpec = 10;
			files = (
				C08F16CD28908F5F0034290F /* XcodeKit.framework in Embed Frameworks */,
			);
			name = "Embed Frameworks";
			runOnlyForDeploymentPostprocessing = 0;
		};
/* End PBXCopyFilesBuildPhase section */

/* Begin PBXFileReference section */
		C0070CE528988B44007BDA0B /* AutoMarkApp.swift */ = {isa = PBXFileReference; lastKnownFileType = sourcecode.swift; path = AutoMarkApp.swift; sourceTree = "<group>"; };
		C0070CE728988BFA007BDA0B /* ContentView.swift */ = {isa = PBXFileReference; lastKnownFileType = sourcecode.swift; path = ContentView.swift; sourceTree = "<group>"; };
		C0070CE928988E30007BDA0B /* UserDefaults.swift */ = {isa = PBXFileReference; lastKnownFileType = sourcecode.swift; path = UserDefaults.swift; sourceTree = "<group>"; };
		C0070CEE289DF0E5007BDA0B /* SignatureView.swift */ = {isa = PBXFileReference; lastKnownFileType = sourcecode.swift; path = SignatureView.swift; sourceTree = "<group>"; };
		C044440C28908026004BDF89 /* AutoMarkExt.app */ = {isa = PBXFileReference; explicitFileType = wrapper.application; includeInIndex = 0; path = AutoMarkExt.app; sourceTree = BUILT_PRODUCTS_DIR; };
		C044440F28908026004BDF89 /* AppDelegate.swift */ = {isa = PBXFileReference; lastKnownFileType = sourcecode.swift; path = AppDelegate.swift; sourceTree = "<group>"; };
		C044441328908026004BDF89 /* Assets.xcassets */ = {isa = PBXFileReference; lastKnownFileType = folder.assetcatalog; path = Assets.xcassets; sourceTree = "<group>"; };
		C044441628908026004BDF89 /* Base */ = {isa = PBXFileReference; lastKnownFileType = file.storyboard; name = Base; path = Base.lproj/Main.storyboard; sourceTree = "<group>"; };
		C044441828908026004BDF89 /* AutoMark.entitlements */ = {isa = PBXFileReference; lastKnownFileType = text.plist.entitlements; path = AutoMark.entitlements; sourceTree = "<group>"; };
		C044441D28908026004BDF89 /* EasyMarksTests.xctest */ = {isa = PBXFileReference; explicitFileType = wrapper.cfbundle; includeInIndex = 0; path = EasyMarksTests.xctest; sourceTree = BUILT_PRODUCTS_DIR; };
		C044442128908026004BDF89 /* AutoMarkTests.swift */ = {isa = PBXFileReference; lastKnownFileType = sourcecode.swift; path = AutoMarkTests.swift; sourceTree = "<group>"; };
		C044442728908026004BDF89 /* EasyMarksUITests.xctest */ = {isa = PBXFileReference; explicitFileType = wrapper.cfbundle; includeInIndex = 0; path = EasyMarksUITests.xctest; sourceTree = BUILT_PRODUCTS_DIR; };
		C044442B28908026004BDF89 /* AutoMarkUITests.swift */ = {isa = PBXFileReference; lastKnownFileType = sourcecode.swift; path = AutoMarkUITests.swift; sourceTree = "<group>"; };
		C044442D28908026004BDF89 /* AutoMarkUITestsLaunchTests.swift */ = {isa = PBXFileReference; lastKnownFileType = sourcecode.swift; path = AutoMarkUITestsLaunchTests.swift; sourceTree = "<group>"; };
		C044443E28908080004BDF89 /* EasyMarks.appex */ = {isa = PBXFileReference; explicitFileType = "wrapper.app-extension"; includeInIndex = 0; path = EasyMarks.appex; sourceTree = BUILT_PRODUCTS_DIR; };
		C044444028908080004BDF89 /* Cocoa.framework */ = {isa = PBXFileReference; lastKnownFileType = wrapper.framework; name = Cocoa.framework; path = System/Library/Frameworks/Cocoa.framework; sourceTree = SDKROOT; };
		C044444228908080004BDF89 /* XcodeKit.framework */ = {isa = PBXFileReference; lastKnownFileType = wrapper.framework; name = XcodeKit.framework; path = Library/Frameworks/XcodeKit.framework; sourceTree = DEVELOPER_DIR; };
		C044444528908080004BDF89 /* SourceEditorExtension.swift */ = {isa = PBXFileReference; lastKnownFileType = sourcecode.swift; path = SourceEditorExtension.swift; sourceTree = "<group>"; };
		C044444728908080004BDF89 /* SourceEditorCommand.swift */ = {isa = PBXFileReference; lastKnownFileType = sourcecode.swift; path = SourceEditorCommand.swift; sourceTree = "<group>"; };
		C044444928908080004BDF89 /* Info.plist */ = {isa = PBXFileReference; lastKnownFileType = text.plist.xml; path = Info.plist; sourceTree = "<group>"; };
		C044444A28908080004BDF89 /* EasyMarks.entitlements */ = {isa = PBXFileReference; lastKnownFileType = text.plist.entitlements; path = EasyMarks.entitlements; sourceTree = "<group>"; };
/* End PBXFileReference section */

/* Begin PBXFrameworksBuildPhase section */
		C044440928908026004BDF89 /* Frameworks */ = {
			isa = PBXFrameworksBuildPhase;
			buildActionMask = 2147483647;
			files = (
			);
			runOnlyForDeploymentPostprocessing = 0;
		};
		C044441A28908026004BDF89 /* Frameworks */ = {
			isa = PBXFrameworksBuildPhase;
			buildActionMask = 2147483647;
			files = (
			);
			runOnlyForDeploymentPostprocessing = 0;
		};
		C044442428908026004BDF89 /* Frameworks */ = {
			isa = PBXFrameworksBuildPhase;
			buildActionMask = 2147483647;
			files = (
			);
			runOnlyForDeploymentPostprocessing = 0;
		};
		C044443B28908080004BDF89 /* Frameworks */ = {
			isa = PBXFrameworksBuildPhase;
			buildActionMask = 2147483647;
			files = (
				C044444128908080004BDF89 /* Cocoa.framework in Frameworks */,
				C08F16CC28908F5F0034290F /* XcodeKit.framework in Frameworks */,
			);
			runOnlyForDeploymentPostprocessing = 0;
		};
/* End PBXFrameworksBuildPhase section */

/* Begin PBXGroup section */
		C0070CED289DF0D5007BDA0B /* Components */ = {
			isa = PBXGroup;
			children = (
				C0070CEE289DF0E5007BDA0B /* SignatureView.swift */,
			);
			path = Components;
			sourceTree = "<group>";
		};
		C044440328908026004BDF89 = {
			isa = PBXGroup;
			children = (
				C044440E28908026004BDF89 /* AutoMark */,
				C044442028908026004BDF89 /* AutoMarkTests */,
				C044442A28908026004BDF89 /* AutoMarkUITests */,
				C044444428908080004BDF89 /* EasyMarks */,
				C044443F28908080004BDF89 /* Frameworks */,
				C044440D28908026004BDF89 /* Products */,
			);
			sourceTree = "<group>";
		};
		C044440D28908026004BDF89 /* Products */ = {
			isa = PBXGroup;
			children = (
				C044440C28908026004BDF89 /* AutoMarkExt.app */,
				C044441D28908026004BDF89 /* EasyMarksTests.xctest */,
				C044442728908026004BDF89 /* EasyMarksUITests.xctest */,
				C044443E28908080004BDF89 /* EasyMarks.appex */,
			);
			name = Products;
			sourceTree = "<group>";
		};
		C044440E28908026004BDF89 /* AutoMark */ = {
			isa = PBXGroup;
			children = (
				C0070CED289DF0D5007BDA0B /* Components */,
				C044440F28908026004BDF89 /* AppDelegate.swift */,
				C0070CE528988B44007BDA0B /* AutoMarkApp.swift */,
				C0070CE728988BFA007BDA0B /* ContentView.swift */,
				C0070CE928988E30007BDA0B /* UserDefaults.swift */,
				C044441328908026004BDF89 /* Assets.xcassets */,
				C044441528908026004BDF89 /* Main.storyboard */,
				C044441828908026004BDF89 /* AutoMark.entitlements */,
			);
			path = AutoMark;
			sourceTree = "<group>";
		};
		C044442028908026004BDF89 /* AutoMarkTests */ = {
			isa = PBXGroup;
			children = (
				C044442128908026004BDF89 /* AutoMarkTests.swift */,
			);
			path = AutoMarkTests;
			sourceTree = "<group>";
		};
		C044442A28908026004BDF89 /* AutoMarkUITests */ = {
			isa = PBXGroup;
			children = (
				C044442B28908026004BDF89 /* AutoMarkUITests.swift */,
				C044442D28908026004BDF89 /* AutoMarkUITestsLaunchTests.swift */,
			);
			path = AutoMarkUITests;
			sourceTree = "<group>";
		};
		C044443F28908080004BDF89 /* Frameworks */ = {
			isa = PBXGroup;
			children = (
				C044444028908080004BDF89 /* Cocoa.framework */,
				C044444228908080004BDF89 /* XcodeKit.framework */,
			);
			name = Frameworks;
			sourceTree = "<group>";
		};
		C044444428908080004BDF89 /* EasyMarks */ = {
			isa = PBXGroup;
			children = (
				C044444528908080004BDF89 /* SourceEditorExtension.swift */,
				C044444728908080004BDF89 /* SourceEditorCommand.swift */,
				C044444928908080004BDF89 /* Info.plist */,
				C044444A28908080004BDF89 /* EasyMarks.entitlements */,
			);
			path = EasyMarks;
			sourceTree = "<group>";
		};
/* End PBXGroup section */

/* Begin PBXNativeTarget section */
		C044440B28908026004BDF89 /* AutoMarkExt */ = {
			isa = PBXNativeTarget;
			buildConfigurationList = C044443128908026004BDF89 /* Build configuration list for PBXNativeTarget "AutoMarkExt" */;
			buildPhases = (
				C044440828908026004BDF89 /* Sources */,
				C044440928908026004BDF89 /* Frameworks */,
				C044440A28908026004BDF89 /* Resources */,
				C044445128908080004BDF89 /* Embed App Extensions */,
			);
			buildRules = (
			);
			dependencies = (
				C044444C28908080004BDF89 /* PBXTargetDependency */,
			);
			name = AutoMarkExt;
			productName = AutoMark;
			productReference = C044440C28908026004BDF89 /* AutoMarkExt.app */;
			productType = "com.apple.product-type.application";
		};
		C044441C28908026004BDF89 /* EasyMarksTests */ = {
			isa = PBXNativeTarget;
			buildConfigurationList = C044443428908026004BDF89 /* Build configuration list for PBXNativeTarget "EasyMarksTests" */;
			buildPhases = (
				C044441928908026004BDF89 /* Sources */,
				C044441A28908026004BDF89 /* Frameworks */,
				C044441B28908026004BDF89 /* Resources */,
			);
			buildRules = (
			);
			dependencies = (
				C044441F28908026004BDF89 /* PBXTargetDependency */,
			);
			name = EasyMarksTests;
			productName = AutoMarkTests;
			productReference = C044441D28908026004BDF89 /* EasyMarksTests.xctest */;
			productType = "com.apple.product-type.bundle.unit-test";
		};
		C044442628908026004BDF89 /* EasyMarksUITests */ = {
			isa = PBXNativeTarget;
			buildConfigurationList = C044443728908026004BDF89 /* Build configuration list for PBXNativeTarget "EasyMarksUITests" */;
			buildPhases = (
				C044442328908026004BDF89 /* Sources */,
				C044442428908026004BDF89 /* Frameworks */,
				C044442528908026004BDF89 /* Resources */,
			);
			buildRules = (
			);
			dependencies = (
				C044442928908026004BDF89 /* PBXTargetDependency */,
			);
			name = EasyMarksUITests;
			productName = AutoMarkUITests;
			productReference = C044442728908026004BDF89 /* EasyMarksUITests.xctest */;
			productType = "com.apple.product-type.bundle.ui-testing";
		};
		C044443D28908080004BDF89 /* EasyMarks */ = {
			isa = PBXNativeTarget;
			buildConfigurationList = C044444E28908080004BDF89 /* Build configuration list for PBXNativeTarget "EasyMarks" */;
			buildPhases = (
				C044443A28908080004BDF89 /* Sources */,
				C044443B28908080004BDF89 /* Frameworks */,
				C044443C28908080004BDF89 /* Resources */,
				C08F16CE28908F5F0034290F /* Embed Frameworks */,
			);
			buildRules = (
			);
			dependencies = (
			);
			name = EasyMarks;
			productName = EasyMarks;
			productReference = C044443E28908080004BDF89 /* EasyMarks.appex */;
			productType = "com.apple.product-type.xcode-extension";
		};
/* End PBXNativeTarget section */

/* Begin PBXProject section */
		C044440428908026004BDF89 /* Project object */ = {
			isa = PBXProject;
			attributes = {
				BuildIndependentTargetsInParallel = 1;
				LastSwiftUpdateCheck = 1330;
				LastUpgradeCheck = 1330;
				TargetAttributes = {
					C044440B28908026004BDF89 = {
						CreatedOnToolsVersion = 13.3;
					};
					C044441C28908026004BDF89 = {
						CreatedOnToolsVersion = 13.3;
						TestTargetID = C044440B28908026004BDF89;
					};
					C044442628908026004BDF89 = {
						CreatedOnToolsVersion = 13.3;
						TestTargetID = C044440B28908026004BDF89;
					};
					C044443D28908080004BDF89 = {
						CreatedOnToolsVersion = 13.3;
					};
				};
			};
			buildConfigurationList = C044440728908026004BDF89 /* Build configuration list for PBXProject "EasyMarks" */;
			compatibilityVersion = "Xcode 13.0";
			developmentRegion = en;
			hasScannedForEncodings = 0;
			knownRegions = (
				en,
				Base,
			);
			mainGroup = C044440328908026004BDF89;
			productRefGroup = C044440D28908026004BDF89 /* Products */;
			projectDirPath = "";
			projectRoot = "";
			targets = (
				C044440B28908026004BDF89 /* AutoMarkExt */,
				C044441C28908026004BDF89 /* EasyMarksTests */,
				C044442628908026004BDF89 /* EasyMarksUITests */,
				C044443D28908080004BDF89 /* EasyMarks */,
			);
		};
/* End PBXProject section */

/* Begin PBXResourcesBuildPhase section */
		C044440A28908026004BDF89 /* Resources */ = {
			isa = PBXResourcesBuildPhase;
			buildActionMask = 2147483647;
			files = (
				C044441428908026004BDF89 /* Assets.xcassets in Resources */,
				C044441728908026004BDF89 /* Main.storyboard in Resources */,
			);
			runOnlyForDeploymentPostprocessing = 0;
		};
		C044441B28908026004BDF89 /* Resources */ = {
			isa = PBXResourcesBuildPhase;
			buildActionMask = 2147483647;
			files = (
			);
			runOnlyForDeploymentPostprocessing = 0;
		};
		C044442528908026004BDF89 /* Resources */ = {
			isa = PBXResourcesBuildPhase;
			buildActionMask = 2147483647;
			files = (
			);
			runOnlyForDeploymentPostprocessing = 0;
		};
		C044443C28908080004BDF89 /* Resources */ = {
			isa = PBXResourcesBuildPhase;
			buildActionMask = 2147483647;
			files = (
			);
			runOnlyForDeploymentPostprocessing = 0;
		};
/* End PBXResourcesBuildPhase section */

/* Begin PBXSourcesBuildPhase section */
		C044440828908026004BDF89 /* Sources */ = {
			isa = PBXSourcesBuildPhase;
			buildActionMask = 2147483647;
			files = (
				C0070CEA28988E30007BDA0B /* UserDefaults.swift in Sources */,
				C0070CE628988B44007BDA0B /* AutoMarkApp.swift in Sources */,
				C0070CEF289DF0E5007BDA0B /* SignatureView.swift in Sources */,
				C044441028908026004BDF89 /* AppDelegate.swift in Sources */,
				C0070CE828988BFA007BDA0B /* ContentView.swift in Sources */,
			);
			runOnlyForDeploymentPostprocessing = 0;
		};
		C044441928908026004BDF89 /* Sources */ = {
			isa = PBXSourcesBuildPhase;
			buildActionMask = 2147483647;
			files = (
				C044442228908026004BDF89 /* AutoMarkTests.swift in Sources */,
			);
			runOnlyForDeploymentPostprocessing = 0;
		};
		C044442328908026004BDF89 /* Sources */ = {
			isa = PBXSourcesBuildPhase;
			buildActionMask = 2147483647;
			files = (
				C044442E28908026004BDF89 /* AutoMarkUITestsLaunchTests.swift in Sources */,
				C044442C28908026004BDF89 /* AutoMarkUITests.swift in Sources */,
			);
			runOnlyForDeploymentPostprocessing = 0;
		};
		C044443A28908080004BDF89 /* Sources */ = {
			isa = PBXSourcesBuildPhase;
			buildActionMask = 2147483647;
			files = (
				C044444628908080004BDF89 /* SourceEditorExtension.swift in Sources */,
				C044444828908080004BDF89 /* SourceEditorCommand.swift in Sources */,
				C0070CF2289F3842007BDA0B /* UserDefaults.swift in Sources */,
			);
			runOnlyForDeploymentPostprocessing = 0;
		};
/* End PBXSourcesBuildPhase section */

/* Begin PBXTargetDependency section */
		C044441F28908026004BDF89 /* PBXTargetDependency */ = {
			isa = PBXTargetDependency;
			target = C044440B28908026004BDF89 /* AutoMarkExt */;
			targetProxy = C044441E28908026004BDF89 /* PBXContainerItemProxy */;
		};
		C044442928908026004BDF89 /* PBXTargetDependency */ = {
			isa = PBXTargetDependency;
			target = C044440B28908026004BDF89 /* AutoMarkExt */;
			targetProxy = C044442828908026004BDF89 /* PBXContainerItemProxy */;
		};
		C044444C28908080004BDF89 /* PBXTargetDependency */ = {
			isa = PBXTargetDependency;
			target = C044443D28908080004BDF89 /* EasyMarks */;
			targetProxy = C044444B28908080004BDF89 /* PBXContainerItemProxy */;
		};
/* End PBXTargetDependency section */

/* Begin PBXVariantGroup section */
		C044441528908026004BDF89 /* Main.storyboard */ = {
			isa = PBXVariantGroup;
			children = (
				C044441628908026004BDF89 /* Base */,
			);
			name = Main.storyboard;
			sourceTree = "<group>";
		};
/* End PBXVariantGroup section */

/* Begin XCBuildConfiguration section */
		C044442F28908026004BDF89 /* Debug */ = {
			isa = XCBuildConfiguration;
			buildSettings = {
				ALWAYS_SEARCH_USER_PATHS = NO;
				CLANG_ANALYZER_NONNULL = YES;
				CLANG_ANALYZER_NUMBER_OBJECT_CONVERSION = YES_AGGRESSIVE;
				CLANG_CXX_LANGUAGE_STANDARD = "gnu++17";
				CLANG_ENABLE_MODULES = YES;
				CLANG_ENABLE_OBJC_ARC = YES;
				CLANG_ENABLE_OBJC_WEAK = YES;
				CLANG_WARN_BLOCK_CAPTURE_AUTORELEASING = YES;
				CLANG_WARN_BOOL_CONVERSION = YES;
				CLANG_WARN_COMMA = YES;
				CLANG_WARN_CONSTANT_CONVERSION = YES;
				CLANG_WARN_DEPRECATED_OBJC_IMPLEMENTATIONS = YES;
				CLANG_WARN_DIRECT_OBJC_ISA_USAGE = YES_ERROR;
				CLANG_WARN_DOCUMENTATION_COMMENTS = YES;
				CLANG_WARN_EMPTY_BODY = YES;
				CLANG_WARN_ENUM_CONVERSION = YES;
				CLANG_WARN_INFINITE_RECURSION = YES;
				CLANG_WARN_INT_CONVERSION = YES;
				CLANG_WARN_NON_LITERAL_NULL_CONVERSION = YES;
				CLANG_WARN_OBJC_IMPLICIT_RETAIN_SELF = YES;
				CLANG_WARN_OBJC_LITERAL_CONVERSION = YES;
				CLANG_WARN_OBJC_ROOT_CLASS = YES_ERROR;
				CLANG_WARN_QUOTED_INCLUDE_IN_FRAMEWORK_HEADER = YES;
				CLANG_WARN_RANGE_LOOP_ANALYSIS = YES;
				CLANG_WARN_STRICT_PROTOTYPES = YES;
				CLANG_WARN_SUSPICIOUS_MOVE = YES;
				CLANG_WARN_UNGUARDED_AVAILABILITY = YES_AGGRESSIVE;
				CLANG_WARN_UNREACHABLE_CODE = YES;
				CLANG_WARN__DUPLICATE_METHOD_MATCH = YES;
				COPY_PHASE_STRIP = NO;
				DEBUG_INFORMATION_FORMAT = dwarf;
				ENABLE_STRICT_OBJC_MSGSEND = YES;
				ENABLE_TESTABILITY = YES;
				GCC_C_LANGUAGE_STANDARD = gnu11;
				GCC_DYNAMIC_NO_PIC = NO;
				GCC_NO_COMMON_BLOCKS = YES;
				GCC_OPTIMIZATION_LEVEL = 0;
				GCC_PREPROCESSOR_DEFINITIONS = (
					"DEBUG=1",
					"$(inherited)",
				);
				GCC_WARN_64_TO_32_BIT_CONVERSION = YES;
				GCC_WARN_ABOUT_RETURN_TYPE = YES_ERROR;
				GCC_WARN_UNDECLARED_SELECTOR = YES;
				GCC_WARN_UNINITIALIZED_AUTOS = YES_AGGRESSIVE;
				GCC_WARN_UNUSED_FUNCTION = YES;
				GCC_WARN_UNUSED_VARIABLE = YES;
				MACOSX_DEPLOYMENT_TARGET = 12.1;
				MTL_ENABLE_DEBUG_INFO = INCLUDE_SOURCE;
				MTL_FAST_MATH = YES;
				ONLY_ACTIVE_ARCH = YES;
				SDKROOT = macosx;
				SWIFT_ACTIVE_COMPILATION_CONDITIONS = DEBUG;
				SWIFT_OPTIMIZATION_LEVEL = "-Onone";
			};
			name = Debug;
		};
		C044443028908026004BDF89 /* Release */ = {
			isa = XCBuildConfiguration;
			buildSettings = {
				ALWAYS_SEARCH_USER_PATHS = NO;
				CLANG_ANALYZER_NONNULL = YES;
				CLANG_ANALYZER_NUMBER_OBJECT_CONVERSION = YES_AGGRESSIVE;
				CLANG_CXX_LANGUAGE_STANDARD = "gnu++17";
				CLANG_ENABLE_MODULES = YES;
				CLANG_ENABLE_OBJC_ARC = YES;
				CLANG_ENABLE_OBJC_WEAK = YES;
				CLANG_WARN_BLOCK_CAPTURE_AUTORELEASING = YES;
				CLANG_WARN_BOOL_CONVERSION = YES;
				CLANG_WARN_COMMA = YES;
				CLANG_WARN_CONSTANT_CONVERSION = YES;
				CLANG_WARN_DEPRECATED_OBJC_IMPLEMENTATIONS = YES;
				CLANG_WARN_DIRECT_OBJC_ISA_USAGE = YES_ERROR;
				CLANG_WARN_DOCUMENTATION_COMMENTS = YES;
				CLANG_WARN_EMPTY_BODY = YES;
				CLANG_WARN_ENUM_CONVERSION = YES;
				CLANG_WARN_INFINITE_RECURSION = YES;
				CLANG_WARN_INT_CONVERSION = YES;
				CLANG_WARN_NON_LITERAL_NULL_CONVERSION = YES;
				CLANG_WARN_OBJC_IMPLICIT_RETAIN_SELF = YES;
				CLANG_WARN_OBJC_LITERAL_CONVERSION = YES;
				CLANG_WARN_OBJC_ROOT_CLASS = YES_ERROR;
				CLANG_WARN_QUOTED_INCLUDE_IN_FRAMEWORK_HEADER = YES;
				CLANG_WARN_RANGE_LOOP_ANALYSIS = YES;
				CLANG_WARN_STRICT_PROTOTYPES = YES;
				CLANG_WARN_SUSPICIOUS_MOVE = YES;
				CLANG_WARN_UNGUARDED_AVAILABILITY = YES_AGGRESSIVE;
				CLANG_WARN_UNREACHABLE_CODE = YES;
				CLANG_WARN__DUPLICATE_METHOD_MATCH = YES;
				COPY_PHASE_STRIP = NO;
				DEBUG_INFORMATION_FORMAT = "dwarf-with-dsym";
				ENABLE_NS_ASSERTIONS = NO;
				ENABLE_STRICT_OBJC_MSGSEND = YES;
				GCC_C_LANGUAGE_STANDARD = gnu11;
				GCC_NO_COMMON_BLOCKS = YES;
				GCC_WARN_64_TO_32_BIT_CONVERSION = YES;
				GCC_WARN_ABOUT_RETURN_TYPE = YES_ERROR;
				GCC_WARN_UNDECLARED_SELECTOR = YES;
				GCC_WARN_UNINITIALIZED_AUTOS = YES_AGGRESSIVE;
				GCC_WARN_UNUSED_FUNCTION = YES;
				GCC_WARN_UNUSED_VARIABLE = YES;
				MACOSX_DEPLOYMENT_TARGET = 12.1;
				MTL_ENABLE_DEBUG_INFO = NO;
				MTL_FAST_MATH = YES;
				SDKROOT = macosx;
				SWIFT_COMPILATION_MODE = wholemodule;
				SWIFT_OPTIMIZATION_LEVEL = "-O";
			};
			name = Release;
		};
		C044443228908026004BDF89 /* Debug */ = {
			isa = XCBuildConfiguration;
			buildSettings = {
				ALWAYS_EMBED_SWIFT_STANDARD_LIBRARIES = YES;
				ASSETCATALOG_COMPILER_APPICON_NAME = AppIcon;
				ASSETCATALOG_COMPILER_GLOBAL_ACCENT_COLOR_NAME = AccentColor;
				CODE_SIGN_ENTITLEMENTS = AutoMark/AutoMark.entitlements;
				CODE_SIGN_IDENTITY = "Apple Development";
				CODE_SIGN_STYLE = Automatic;
				COMBINE_HIDPI_IMAGES = YES;
				CURRENT_PROJECT_VERSION = 1;
				DEVELOPMENT_TEAM = 7QZL932B66;
				ENABLE_HARDENED_RUNTIME = YES;
				GENERATE_INFOPLIST_FILE = YES;
				INFOPLIST_KEY_LSApplicationCategoryType = "public.app-category.developer-tools";
				INFOPLIST_KEY_NSHumanReadableCopyright = "";
				INFOPLIST_KEY_NSMainStoryboardFile = Main;
				INFOPLIST_KEY_NSPrincipalClass = NSApplication;
				LD_RUNPATH_SEARCH_PATHS = (
					"$(inherited)",
					"@executable_path/../Frameworks",
				);
				MARKETING_VERSION = 1.0;
				PRODUCT_BUNDLE_IDENTIFIER = com.skyman44.EasyMarks;
				PRODUCT_NAME = "$(TARGET_NAME)";
				PROVISIONING_PROFILE_SPECIFIER = "";
				SWIFT_EMIT_LOC_STRINGS = YES;
				SWIFT_VERSION = 5.0;
			};
			name = Debug;
		};
		C044443328908026004BDF89 /* Release */ = {
			isa = XCBuildConfiguration;
			buildSettings = {
				ALWAYS_EMBED_SWIFT_STANDARD_LIBRARIES = YES;
				ASSETCATALOG_COMPILER_APPICON_NAME = AppIcon;
				ASSETCATALOG_COMPILER_GLOBAL_ACCENT_COLOR_NAME = AccentColor;
				CODE_SIGN_ENTITLEMENTS = AutoMark/AutoMark.entitlements;
				CODE_SIGN_IDENTITY = "Apple Development";
				CODE_SIGN_STYLE = Automatic;
				COMBINE_HIDPI_IMAGES = YES;
				CURRENT_PROJECT_VERSION = 1;
				DEVELOPMENT_TEAM = 7QZL932B66;
				ENABLE_HARDENED_RUNTIME = YES;
				GENERATE_INFOPLIST_FILE = YES;
				INFOPLIST_KEY_LSApplicationCategoryType = "public.app-category.developer-tools";
				INFOPLIST_KEY_NSHumanReadableCopyright = "";
				INFOPLIST_KEY_NSMainStoryboardFile = Main;
				INFOPLIST_KEY_NSPrincipalClass = NSApplication;
				LD_RUNPATH_SEARCH_PATHS = (
					"$(inherited)",
					"@executable_path/../Frameworks",
				);
				MARKETING_VERSION = 1.0;
				PRODUCT_BUNDLE_IDENTIFIER = com.skyman44.EasyMarks;
				PRODUCT_NAME = "$(TARGET_NAME)";
				PROVISIONING_PROFILE_SPECIFIER = "";
				SWIFT_EMIT_LOC_STRINGS = YES;
				SWIFT_VERSION = 5.0;
			};
			name = Release;
		};
		C044443528908026004BDF89 /* Debug */ = {
			isa = XCBuildConfiguration;
			buildSettings = {
				ALWAYS_EMBED_SWIFT_STANDARD_LIBRARIES = YES;
				BUNDLE_LOADER = "$(TEST_HOST)";
				CODE_SIGN_STYLE = Automatic;
				CURRENT_PROJECT_VERSION = 1;
				DEVELOPMENT_TEAM = 7QZL932B66;
				GENERATE_INFOPLIST_FILE = YES;
				MACOSX_DEPLOYMENT_TARGET = 12.1;
				MARKETING_VERSION = 1.0;
				PRODUCT_BUNDLE_IDENTIFIER = skyman44.AutoMarkTests;
				PRODUCT_NAME = "$(TARGET_NAME)";
				SWIFT_EMIT_LOC_STRINGS = NO;
				SWIFT_VERSION = 5.0;
				TEST_HOST = "$(BUILT_PRODUCTS_DIR)/EasyMarks.app/Contents/MacOS/EasyMarks";
			};
			name = Debug;
		};
		C044443628908026004BDF89 /* Release */ = {
			isa = XCBuildConfiguration;
			buildSettings = {
				ALWAYS_EMBED_SWIFT_STANDARD_LIBRARIES = YES;
				BUNDLE_LOADER = "$(TEST_HOST)";
				CODE_SIGN_STYLE = Automatic;
				CURRENT_PROJECT_VERSION = 1;
				DEVELOPMENT_TEAM = 7QZL932B66;
				GENERATE_INFOPLIST_FILE = YES;
				MACOSX_DEPLOYMENT_TARGET = 12.1;
				MARKETING_VERSION = 1.0;
				PRODUCT_BUNDLE_IDENTIFIER = skyman44.AutoMarkTests;
				PRODUCT_NAME = "$(TARGET_NAME)";
				SWIFT_EMIT_LOC_STRINGS = NO;
				SWIFT_VERSION = 5.0;
				TEST_HOST = "$(BUILT_PRODUCTS_DIR)/EasyMarks.app/Contents/MacOS/EasyMarks";
			};
			name = Release;
		};
		C044443828908026004BDF89 /* Debug */ = {
			isa = XCBuildConfiguration;
			buildSettings = {
				ALWAYS_EMBED_SWIFT_STANDARD_LIBRARIES = YES;
				CODE_SIGN_STYLE = Automatic;
				CURRENT_PROJECT_VERSION = 1;
				DEVELOPMENT_TEAM = 7QZL932B66;
				GENERATE_INFOPLIST_FILE = YES;
				MARKETING_VERSION = 1.0;
				PRODUCT_BUNDLE_IDENTIFIER = skyman44.AutoMarkUITests;
				PRODUCT_NAME = "$(TARGET_NAME)";
				SWIFT_EMIT_LOC_STRINGS = NO;
				SWIFT_VERSION = 5.0;
				TEST_TARGET_NAME = AutoMark;
			};
			name = Debug;
		};
		C044443928908026004BDF89 /* Release */ = {
			isa = XCBuildConfiguration;
			buildSettings = {
				ALWAYS_EMBED_SWIFT_STANDARD_LIBRARIES = YES;
				CODE_SIGN_STYLE = Automatic;
				CURRENT_PROJECT_VERSION = 1;
				DEVELOPMENT_TEAM = 7QZL932B66;
				GENERATE_INFOPLIST_FILE = YES;
				MARKETING_VERSION = 1.0;
				PRODUCT_BUNDLE_IDENTIFIER = skyman44.AutoMarkUITests;
				PRODUCT_NAME = "$(TARGET_NAME)";
				SWIFT_EMIT_LOC_STRINGS = NO;
				SWIFT_VERSION = 5.0;
				TEST_TARGET_NAME = AutoMark;
			};
			name = Release;
		};
		C044444F28908080004BDF89 /* Debug */ = {
			isa = XCBuildConfiguration;
			buildSettings = {
				CODE_SIGN_ENTITLEMENTS = EasyMarks/EasyMarks.entitlements;
				CODE_SIGN_IDENTITY = "Apple Development";
				CODE_SIGN_STYLE = Automatic;
				COMBINE_HIDPI_IMAGES = YES;
				CURRENT_PROJECT_VERSION = 1;
				DEVELOPMENT_TEAM = 7QZL932B66;
				ENABLE_HARDENED_RUNTIME = YES;
				GENERATE_INFOPLIST_FILE = YES;
				INFOPLIST_FILE = EasyMarks/Info.plist;
				INFOPLIST_KEY_CFBundleDisplayName = EasyMarks;
				INFOPLIST_KEY_NSHumanReadableCopyright = "";
				LD_RUNPATH_SEARCH_PATHS = (
					"$(inherited)",
					"@executable_path/../Frameworks",
					"@executable_path/../../../../Frameworks",
				);
				MARKETING_VERSION = 1.0;
				PRODUCT_BUNDLE_IDENTIFIER = com.skyman44.EasyMarks.Extension;
				PRODUCT_NAME = "$(TARGET_NAME)";
				PROVISIONING_PROFILE_SPECIFIER = "";
				SKIP_INSTALL = YES;
				SWIFT_EMIT_LOC_STRINGS = YES;
				SWIFT_VERSION = 5.0;
			};
			name = Debug;
		};
		C044445028908080004BDF89 /* Release */ = {
			isa = XCBuildConfiguration;
			buildSettings = {
				CODE_SIGN_ENTITLEMENTS = EasyMarks/EasyMarks.entitlements;
				CODE_SIGN_IDENTITY = "Apple Development";
				CODE_SIGN_STYLE = Automatic;
				COMBINE_HIDPI_IMAGES = YES;
				CURRENT_PROJECT_VERSION = 1;
				DEVELOPMENT_TEAM = 7QZL932B66;
				ENABLE_HARDENED_RUNTIME = YES;
				GENERATE_INFOPLIST_FILE = YES;
				INFOPLIST_FILE = EasyMarks/Info.plist;
				INFOPLIST_KEY_CFBundleDisplayName = EasyMarks;
				INFOPLIST_KEY_NSHumanReadableCopyright = "";
				LD_RUNPATH_SEARCH_PATHS = (
					"$(inherited)",
					"@executable_path/../Frameworks",
					"@executable_path/../../../../Frameworks",
				);
				MARKETING_VERSION = 1.0;
				PRODUCT_BUNDLE_IDENTIFIER = com.skyman44.EasyMarks.Extension;
				PRODUCT_NAME = "$(TARGET_NAME)";
				PROVISIONING_PROFILE_SPECIFIER = "";
				SKIP_INSTALL = YES;
				SWIFT_EMIT_LOC_STRINGS = YES;
				SWIFT_VERSION = 5.0;
			};
			name = Release;
		};
/* End XCBuildConfiguration section */

/* Begin XCConfigurationList section */
		C044440728908026004BDF89 /* Build configuration list for PBXProject "EasyMarks" */ = {
			isa = XCConfigurationList;
			buildConfigurations = (
				C044442F28908026004BDF89 /* Debug */,
				C044443028908026004BDF89 /* Release */,
			);
			defaultConfigurationIsVisible = 0;
			defaultConfigurationName = Release;
		};
		C044443128908026004BDF89 /* Build configuration list for PBXNativeTarget "AutoMarkExt" */ = {
			isa = XCConfigurationList;
			buildConfigurations = (
				C044443228908026004BDF89 /* Debug */,
				C044443328908026004BDF89 /* Release */,
			);
			defaultConfigurationIsVisible = 0;
			defaultConfigurationName = Release;
		};
		C044443428908026004BDF89 /* Build configuration list for PBXNativeTarget "EasyMarksTests" */ = {
			isa = XCConfigurationList;
			buildConfigurations = (
				C044443528908026004BDF89 /* Debug */,
				C044443628908026004BDF89 /* Release */,
			);
			defaultConfigurationIsVisible = 0;
			defaultConfigurationName = Release;
		};
		C044443728908026004BDF89 /* Build configuration list for PBXNativeTarget "EasyMarksUITests" */ = {
			isa = XCConfigurationList;
			buildConfigurations = (
				C044443828908026004BDF89 /* Debug */,
				C044443928908026004BDF89 /* Release */,
			);
			defaultConfigurationIsVisible = 0;
			defaultConfigurationName = Release;
		};
		C044444E28908080004BDF89 /* Build configuration list for PBXNativeTarget "EasyMarks" */ = {
			isa = XCConfigurationList;
			buildConfigurations = (
				C044444F28908080004BDF89 /* Debug */,
				C044445028908080004BDF89 /* Release */,
			);
			defaultConfigurationIsVisible = 0;
			defaultConfigurationName = Release;
		};
/* End XCConfigurationList section */
	};
	rootObject = C044440428908026004BDF89 /* Project object */;
}
